
Microsoft Visual Studio Solution File, Format Version 12.00
# Visual Studio 2013
VisualStudioVersion = 12.0.30110.0
MinimumVisualStudioVersion = 10.0.40219.1
Project("{2150E333-8FDC-42A3-9474-1A3956D46DE8}") = "Presentacion", "Presentacion", "{34D49711-6ADA-4926-86FA-6DD790AB7CCC}"
EndProject
Project("{FAE04EC0-301F-11D3-BF4B-00C04F79EFBC}") = "Consola", "Consola\Consola.csproj", "{3BB67EC1-5DE5-4222-B4A2-B16620D23698}"
EndProject
Project("{2150E333-8FDC-42A3-9474-1A3956D46DE8}") = "AccesoDatos", "AccesoDatos", "{9459F747-5A5A-4327-8640-643C874CBFB8}"
EndProject
Project("{2150E333-8FDC-42A3-9474-1A3956D46DE8}") = "Modelo", "Modelo", "{F4D2A98F-F911-4613-915B-683993373581}"
EndProject
Project("{FAE04EC0-301F-11D3-BF4B-00C04F79EFBC}") = "Modelo", "Modelo\Modelo.csproj", "{E3302608-16C1-4A02-8663-15971D31C55D}"
EndProject
Project("{FAE04EC0-301F-11D3-BF4B-00C04F79EFBC}") = "AccesoDatos", "AccesoDatos\AccesoDatos.csproj", "{F7A251A4-81C4-4E24-890C-9DBE832E6443}"
EndProject
Project("{2150E333-8FDC-42A3-9474-1A3956D46DE8}") = "Aplicacion", "Aplicacion", "{BB5DCE17-797E-4C44-899D-CDC86185C924}"
EndProject
Project("{FAE04EC0-301F-11D3-BF4B-00C04F79EFBC}") = "Gestor", "GESTOR\Gestor.csproj", "{73E5DA9F-9B31-4DC1-9F8D-02706B963FB4}"
EndProject
Project("{FAE04EC0-301F-11D3-BF4B-00C04F79EFBC}") = "Repositorio", "Repositorio\Repositorio.csproj", "{ABE9C94B-4504-4BEF-AE14-19D2AE87BFC9}"
EndProject
Project("{FAE04EC0-301F-11D3-BF4B-00C04F79EFBC}") = "DataTransferObject", "DataTransferObject\DataTransferObject.csproj", "{5C57D60F-F5C2-412B-8133-A59161A5ADE2}"
EndProject
Project("{FAE04EC0-301F-11D3-BF4B-00C04F79EFBC}") = "DTO", "DTO\DTO.csproj", "{9B2FF63E-4B0C-45B7-ADDB-6CA4B3BBB7CA}"
EndProject
Project("{FAE04EC0-301F-11D3-BF4B-00C04F79EFBC}") = "WebMVC", "WebMVC\WebMVC.csproj", "{EA0FED10-1010-4831-8194-245B8A14EAAD}"
	ProjectSection(ProjectDependencies) = postProject
		{98FAD2C6-9CA0-4451-B810-B62C5B585E15} = {98FAD2C6-9CA0-4451-B810-B62C5B585E15}
	EndProjectSection
EndProject
Project("{2150E333-8FDC-42A3-9474-1A3956D46DE8}") = "Servicios", "Servicios", "{B242ADAC-7C5D-478C-9661-73F8A664BDAD}"
EndProject
Project("{FAE04EC0-301F-11D3-BF4B-00C04F79EFBC}") = "FactorService", "FactorService\FactorService.csproj", "{98FAD2C6-9CA0-4451-B810-B62C5B585E15}"
EndProject
Global
	GlobalSection(SolutionConfigurationPlatforms) = preSolution
		Debug|Any CPU = Debug|Any CPU
		Release|Any CPU = Release|Any CPU
	EndGlobalSection
	GlobalSection(ProjectConfigurationPlatforms) = postSolution
		{3BB67EC1-5DE5-4222-B4A2-B16620D23698}.Debug|Any CPU.ActiveCfg = Debug|Any CPU
		{3BB67EC1-5DE5-4222-B4A2-B16620D23698}.Debug|Any CPU.Build.0 = Debug|Any CPU
		{3BB67EC1-5DE5-4222-B4A2-B16620D23698}.Release|Any CPU.ActiveCfg = Release|Any CPU
		{3BB67EC1-5DE5-4222-B4A2-B16620D23698}.Release|Any CPU.Build.0 = Release|Any CPU
		{E3302608-16C1-4A02-8663-15971D31C55D}.Debug|Any CPU.ActiveCfg = Debug|Any CPU
		{E3302608-16C1-4A02-8663-15971D31C55D}.Debug|Any CPU.Build.0 = Debug|Any CPU
		{E3302608-16C1-4A02-8663-15971D31C55D}.Release|Any CPU.ActiveCfg = Release|Any CPU
		{E3302608-16C1-4A02-8663-15971D31C55D}.Release|Any CPU.Build.0 = Release|Any CPU
		{F7A251A4-81C4-4E24-890C-9DBE832E6443}.Debug|Any CPU.ActiveCfg = Debug|Any CPU
		{F7A251A4-81C4-4E24-890C-9DBE832E6443}.Debug|Any CPU.Build.0 = Debug|Any CPU
		{F7A251A4-81C4-4E24-890C-9DBE832E6443}.Release|Any CPU.ActiveCfg = Release|Any CPU
		{F7A251A4-81C4-4E24-890C-9DBE832E6443}.Release|Any CPU.Build.0 = Release|Any CPU
		{73E5DA9F-9B31-4DC1-9F8D-02706B963FB4}.Debug|Any CPU.ActiveCfg = Debug|Any CPU
		{73E5DA9F-9B31-4DC1-9F8D-02706B963FB4}.Debug|Any CPU.Build.0 = Debug|Any CPU
		{73E5DA9F-9B31-4DC1-9F8D-02706B963FB4}.Release|Any CPU.ActiveCfg = Release|Any CPU
		{73E5DA9F-9B31-4DC1-9F8D-02706B963FB4}.Release|Any CPU.Build.0 = Release|Any CPU
		{ABE9C94B-4504-4BEF-AE14-19D2AE87BFC9}.Debug|Any CPU.ActiveCfg = Debug|Any CPU
		{ABE9C94B-4504-4BEF-AE14-19D2AE87BFC9}.Debug|Any CPU.Build.0 = Debug|Any CPU
		{ABE9C94B-4504-4BEF-AE14-19D2AE87BFC9}.Release|Any CPU.ActiveCfg = Release|Any CPU
		{ABE9C94B-4504-4BEF-AE14-19D2AE87BFC9}.Release|Any CPU.Build.0 = Release|Any CPU
		{5C57D60F-F5C2-412B-8133-A59161A5ADE2}.Debug|Any CPU.ActiveCfg = Debug|Any CPU
		{5C57D60F-F5C2-412B-8133-A59161A5ADE2}.Debug|Any CPU.Build.0 = Debug|Any CPU
		{5C57D60F-F5C2-412B-8133-A59161A5ADE2}.Release|Any CPU.ActiveCfg = Release|Any CPU
		{5C57D60F-F5C2-412B-8133-A59161A5ADE2}.Release|Any CPU.Build.0 = Release|Any CPU
		{9B2FF63E-4B0C-45B7-ADDB-6CA4B3BBB7CA}.Debug|Any CPU.ActiveCfg = Debug|Any CPU
		{9B2FF63E-4B0C-45B7-ADDB-6CA4B3BBB7CA}.Debug|Any CPU.Build.0 = Debug|Any CPU
		{9B2FF63E-4B0C-45B7-ADDB-6CA4B3BBB7CA}.Release|Any CPU.ActiveCfg = Release|Any CPU
		{9B2FF63E-4B0C-45B7-ADDB-6CA4B3BBB7CA}.Release|Any CPU.Build.0 = Release|Any CPU
		{EA0FED10-1010-4831-8194-245B8A14EAAD}.Debug|Any CPU.ActiveCfg = Debug|Any CPU
		{EA0FED10-1010-4831-8194-245B8A14EAAD}.Debug|Any CPU.Build.0 = Debug|Any CPU
		{EA0FED10-1010-4831-8194-245B8A14EAAD}.Release|Any CPU.ActiveCfg = Release|Any CPU
		{EA0FED10-1010-4831-8194-245B8A14EAAD}.Release|Any CPU.Build.0 = Release|Any CPU
		{98FAD2C6-9CA0-4451-B810-B62C5B585E15}.Debug|Any CPU.ActiveCfg = Debug|Any CPU
		{98FAD2C6-9CA0-4451-B810-B62C5B585E15}.Debug|Any CPU.Build.0 = Debug|Any CPU
		{98FAD2C6-9CA0-4451-B810-B62C5B585E15}.Release|Any CPU.ActiveCfg = Release|Any CPU
		{98FAD2C6-9CA0-4451-B810-B62C5B585E15}.Release|Any CPU.Build.0 = Release|Any CPU
	EndGlobalSection
	GlobalSection(SolutionProperties) = preSolution
		HideSolutionNode = FALSE
	EndGlobalSection
	GlobalSection(NestedProjects) = preSolution
		{3BB67EC1-5DE5-4222-B4A2-B16620D23698} = {34D49711-6ADA-4926-86FA-6DD790AB7CCC}
		{EA0FED10-1010-4831-8194-245B8A14EAAD} = {34D49711-6ADA-4926-86FA-6DD790AB7CCC}
		{F7A251A4-81C4-4E24-890C-9DBE832E6443} = {9459F747-5A5A-4327-8640-643C874CBFB8}
		{E3302608-16C1-4A02-8663-15971D31C55D} = {F4D2A98F-F911-4613-915B-683993373581}
		{73E5DA9F-9B31-4DC1-9F8D-02706B963FB4} = {BB5DCE17-797E-4C44-899D-CDC86185C924}
		{ABE9C94B-4504-4BEF-AE14-19D2AE87BFC9} = {BB5DCE17-797E-4C44-899D-CDC86185C924}
		{5C57D60F-F5C2-412B-8133-A59161A5ADE2} = {BB5DCE17-797E-4C44-899D-CDC86185C924}
		{9B2FF63E-4B0C-45B7-ADDB-6CA4B3BBB7CA} = {BB5DCE17-797E-4C44-899D-CDC86185C924}
		{98FAD2C6-9CA0-4451-B810-B62C5B585E15} = {B242ADAC-7C5D-478C-9661-73F8A664BDAD}
	EndGlobalSection
EndGlobal
